
Microsoft Visual Studio Solution File, Format Version 12.00
# Visual Studio Version 16
VisualStudioVersion = 16.0.29613.14
MinimumVisualStudioVersion = 10.0.40219.1
Project("{FAE04EC0-301F-11D3-BF4B-00C04F79EFBC}") = "KPZ-Catering-API", "KPZ-Catering-API\KPZ-Catering-API.csproj", "{CEDF7EEB-9122-4C9C-8EC8-1A7D3B29C6C5}"
EndProject
Global
	GlobalSection(SolutionConfigurationPlatforms) = preSolution
		Debug|Any CPU = Debug|Any CPU
		Release|Any CPU = Release|Any CPU
	EndGlobalSection
	GlobalSection(ProjectConfigurationPlatforms) = postSolution
		{CEDF7EEB-9122-4C9C-8EC8-1A7D3B29C6C5}.Debug|Any CPU.ActiveCfg = Debug|Any CPU
		{CEDF7EEB-9122-4C9C-8EC8-1A7D3B29C6C5}.Debug|Any CPU.Build.0 = Debug|Any CPU
		{CEDF7EEB-9122-4C9C-8EC8-1A7D3B29C6C5}.Release|Any CPU.ActiveCfg = Release|Any CPU
		{CEDF7EEB-9122-4C9C-8EC8-1A7D3B29C6C5}.Release|Any CPU.Build.0 = Release|Any CPU
	EndGlobalSection
	GlobalSection(SolutionProperties) = preSolution
		HideSolutionNode = FALSE
	EndGlobalSection
	GlobalSection(ExtensibilityGlobals) = postSolution
		SolutionGuid = {8E2757A2-5E3D-4BF1-9BB2-B6C764D77346}
	EndGlobalSection
EndGlobal
